{"SurveyEntry":{"SurveyID":"SV_5onvPlJuMfBbiPb","SurveyName":"Goodman Senior Thesis","SurveyDescription":null,"SurveyOwnerID":"UR_3CHoVOkn9yAGtz6","SurveyBrandID":"qtrial2018q4az1","DivisionID":null,"SurveyLanguage":"EN","SurveyActiveResponseSet":"RS_9zE060F48ZOg4vP","SurveyStatus":"Inactive","SurveyStartDate":"0000-00-00 00:00:00","SurveyExpirationDate":"0000-00-00 00:00:00","SurveyCreationDate":"2019-01-11 11:24:27","CreatorID":"UR_3CHoVOkn9yAGtz6","LastModified":"2019-03-11 09:59:16","LastAccessed":"0000-00-00 00:00:00","LastActivated":"2019-03-11 06:17:35","Deleted":null},"SurveyElements":[{"SurveyID":"SV_5onvPlJuMfBbiPb","Element":"BL","PrimaryAttribute":"Survey Blocks","SecondaryAttribute":null,"TertiaryAttribute":null,"Payload":{"0":{"Type":"Default","Description":"Main Question","ID":"BL_4OYKIY08EM1GlMh","BlockElements":[{"Type":"Question","QuestionID":"QID1"},{"Type":"Question","QuestionID":"QID8"},{"Type":"Question","QuestionID":"QID7"},{"Type":"Question","QuestionID":"QID6"}],"Options":{"BlockLocking":"false","RandomizeQuestions":"RandomWithOnlyX","BlockVisibility":"Expanded","Randomization":{"Advanced":{"TotalRandSubset":"1","QuestionsPerPage":0}}}},"1":{"Type":"Trash","Description":"Trash \/ Unused Questions","ID":"BL_3DYXH8WeygpZUYR","BlockElements":[{"Type":"Question","QuestionID":"QID30"},{"Type":"Question","QuestionID":"QID28"},{"Type":"Question","QuestionID":"QID29"}]},"3":{"Type":"Standard","SubType":"","Description":"Informed Consent","ID":"BL_9HtMLSgrckDFOV7","BlockElements":[{"Type":"Question","QuestionID":"QID4"}],"Options":{"BlockLocking":"false","RandomizeQuestions":"false","BlockVisibility":"Expanded"}},"7":{"Type":"Standard","SubType":"","Description":"Age, Education, Employment","ID":"BL_8oBeyynDbEIX9mB","BlockElements":[{"Type":"Question","QuestionID":"QID9"},{"Type":"Question","QuestionID":"QID10"},{"Type":"Question","QuestionID":"QID12"}]},"8":{"Type":"Standard","SubType":"","Description":"Gender, Wage, Industry","ID":"BL_6zj1GLqf8VPxK29","BlockElements":[{"Type":"Question","QuestionID":"QID13"},{"Type":"Question","QuestionID":"QID17"},{"Type":"Question","QuestionID":"QID14"}]},"9":{"Type":"Standard","SubType":"","Description":"Mechanical Turk Usage","ID":"BL_bQ198IYHSydouDb","BlockElements":[{"Type":"Question","QuestionID":"QID19"},{"Type":"Question","QuestionID":"QID20"},{"Type":"Question","QuestionID":"QID21"},{"Type":"Question","QuestionID":"QID23"}]},"12":{"Type":"Standard","SubType":"","Description":"Winning Status","ID":"BL_9vLlZutwF53KkNT","BlockElements":[{"Type":"Question","QuestionID":"QID26","SkipLogic":[{"SkipLogicID":1,"ChoiceLocator":"q:\/\/QID26\/DisplayableQuestion\/1","Condition":"Displayed","SkipToDestination":"ENDOFSURVEY","Locator":"q:\/\/QID26\/ChoiceDisplayed","SkipToDescription":"Your survey was not randoml... <strong>Your survey was not randoml...<\/strong>  <strong>Is Displayed<\/strong>","Description":"Condition: <strong title=\"Your survey was not randomly selected to be a winner.\">Your survey was not randoml...<\/strong> <strong>Is Displayed<\/strong>. Skip To: <strong>End of Survey<\/strong>.","QuestionID":"QID26"}]},{"Type":"Question","QuestionID":"QID27","SkipLogic":[{"SkipLogicID":2,"ChoiceLocator":"q:\/\/QID27\/DisplayableQuestion\/1","Condition":"Displayed","SkipToDestination":"ENDOFSURVEY","Locator":"q:\/\/QID27\/ChoiceDisplayed","SkipToDescription":"Your survey was randomly se... <strong>Your survey was randomly se...<\/strong>  <strong>Is Displayed<\/strong>","Description":"Condition: <strong title=\"Your survey was randomly selected to be a winner. As you selected the option ...\">Your survey was randomly se...<\/strong> <strong>Is Displayed<\/strong>. Skip To: <strong>End of Survey<\/strong>.","QuestionID":"QID27"}]},{"Type":"Question","QuestionID":"QID25"}]}}},{"SurveyID":"SV_5onvPlJuMfBbiPb","Element":"FL","PrimaryAttribute":"Survey Flow","SecondaryAttribute":null,"TertiaryAttribute":null,"Payload":{"Type":"Root","FlowID":"FL_1","Flow":[{"Type":"Standard","ID":"BL_9HtMLSgrckDFOV7","FlowID":"FL_3"},{"Type":"Block","ID":"BL_4OYKIY08EM1GlMh","FlowID":"FL_65"},{"Type":"Group","FlowID":"FL_19","Description":"Demographic Questions","Flow":[{"Type":"Block","ID":"BL_8oBeyynDbEIX9mB","FlowID":"FL_20"},{"Type":"Block","ID":"BL_6zj1GLqf8VPxK29","FlowID":"FL_21"},{"Type":"Block","ID":"BL_bQ198IYHSydouDb","FlowID":"FL_22"}]},{"Type":"Block","ID":"BL_9vLlZutwF53KkNT","FlowID":"FL_49"}],"Properties":{"Count":65,"RemovedFieldsets":[]}}},{"SurveyID":"SV_5onvPlJuMfBbiPb","Element":"SO","PrimaryAttribute":"Survey Options","SecondaryAttribute":null,"TertiaryAttribute":null,"Payload":{"BackButton":"false","SaveAndContinue":"true","SurveyProtection":"PublicSurvey","BallotBoxStuffingPrevention":"false","NoIndex":"Yes","SecureResponseFiles":"true","SurveyExpiration":null,"SurveyTermination":"DisplayMessage","Header":"","Footer":"","ProgressBarDisplay":"None","PartialData":"+4 hour","ValidationMessage":null,"PreviousButton":" \u2190 ","NextButton":" \u2192 ","SkinLibrary":"Qualtrics","SkinType":"MQ","Skin":"v4qualtrics1","NewScoring":1,"SurveyName":"Goodman Senior Thesis","libraryId":"","nextButtonMid":"","previousButtonMid":"","headerMid":"","footerMid":"","QuestionsPerPage":"","PageTransition":"Fade","Autofocus":"false","Autoadvance":"false","AutoadvancePages":"false","ExternalCSS":null,"CustomStyles":{"errorStyles":{"selector":".Skin .ValidationError","styles":{"color":null,"backgroundColor":null,"borderColor":null}},"errorStylesBG":{"selector":".Skin .HeaderValidationError, .Skin .HeaderValidationError li a","styles":{"color":null,"backgroundColor":null}},"pageStyles":{"selector":"#SurveyEngineBody","styles":{"backgroundColor":null}},"textStyles":{"selector":".SkinInner","styles":{"fontFamily":null,"fontSize":null,"fontWeight":null,"fontStyle":null,"textDecoration":null,"color":null}},"questionStyles":{"selector":".Skin .QuestionText","styles":{"fontFamily":null,"fontSize":null,"fontWeight":null,"fontStyle":null,"textDecoration":null,"color":null}},"choiceStyles":{"selector":".Skin .horizontalbar th.ylabel, .Skin .Matrix table td, .Skin .Matrix table th, .Skin .Matrix table thead th, .Skin .Matrix table thead td, .Skin .PGR .DragAndDrop .Items label, .Skin .QuestionBody ul.ChoiceStructure, .Skin .PGR .DragAndDrop .Group ul, .Skin .PGR .DragAndDrop .Group h2, .Skin .PGR .DragAndDrop .Items ul, .Skin .PGR .DragAndDrop .Items h2, .Skin .DD .QuestionBody table.ChoiceStructure, .Skin .PGR .DragAndDrop .NoColumns td.groupsContainerTd div ul, .Skin .PGR .DragAndDrop .NoColumns td.groupsContainerTd div h2, .Skin .SBS thead th, .Skin .SBS td, .Skin .SBS .Answers td, .Skin .SBS .Answers th, .SBS table.ChoiceStructure, .Skin .horizontalbar thead table.LabelDescriptions tr td, .Skin .horizontalbar thead tr td.NotApplicable, .QuestionBody th, .Skin .QuestionBody .MC .MAVR label, .Skin .QuestionBody .MC .SAVR label, .Skin .SBS thead th, .Skin .SBS td, .Skin .RO .DND ul li, .Skin .reg, .SkinInner .ChoiceStructure, .Skin thead, .Skin .GAP .ChoiceStructure thead th, .Skin .GAP .ChoiceStructure .c4, .Skin .GAP .ChoiceStructure th, .Skin .GAP .ChoiceStructure .WhyText, .SkinInner .ChoiceStructure .LightBG, .Skin .QuestionOuter.Highlight .Inner .reg, .Skin .QuestionOuter.Highlight .Inner .alt, .Skin .QuestionOuter.Highlight .Inner .ReadableAlt       ","styles":{"fontFamily":null,"fontSize":null,"fontWeight":null,"fontStyle":null,"textDecoration":null,"color":null}},"headerStyles":{"selector":".Skin div#Header","styles":{"color":null}},"footerStyles":{"selector":".Skin #Footer","styles":{"color":null}},"questionSeparatorStyles":{"selector":".Skin .Separator","styles":{"backgroundColor":null,"display":null}},"highlightStyles":{"selector":".Skin .QuestionOuter.Highlight .Inner, .Skin .QuestionOuter.Highlight .Inner .reg, .Skin .QuestionOuter.Highlight .Inner .alt, .Skin .QuestionOuter.Highlight .Inner .ReadableAlt","styles":{"backgroundColor":null}},"highlightStylesAlt":{"selector":".Skin .QuestionOuter.Highlight .Inner .ReadableAlt, .Skin .QuestionOuter.Highlight .Inner .LightBG","styles":{"backgroundColor":null}},"textEntryStyles":{"selector":".Skin select, .Skin .InputText","styles":{"color":null}},"borderStyles":{"selector":".Skin .CS .horizontalbar table.sliderGrid tr.xlabel th, .Skin .CS .horizontalbar .ylabel, .Skin .CS .horizontalbar table.sliderGrid tr td.value, .Skin .Slider .horizontalbar table.sliderGrid tr.xlabel th, .Skin .BorderColor, .Skin .DarkBorderColor, .Skin .Slider .horizontalbar table.sliderGrid tr td.value, .Skin thead, .Skin .GAP .ChoiceStructure thead th  ","styles":{"borderColor":null}},"altRowStyles":{"selector":".Skin .ReadableAlt, .Skin .LightBG","styles":{"backgroundColor":null}},"customCSS":null},"HighlightQuestions":"off","EOSMessage":"MS_eUHL9lWpAh6jvh3","ShowExportTags":"false","CollectGeoLocation":"false","SurveyTitle":"Online Survey Software | Qualtrics Survey Solutions","SurveyMetaDescription":"Qualtrics sophisticated online survey software solutions make creating online surveys easy. Learn more about Research Suite and get a free account today.","PasswordProtection":"No","AnonymizeResponse":"No","Password":"","RefererCheck":"No","RefererURL":"http:\/\/","ResponseSummary":"No","EOSMessageLibrary":"UR_3CHoVOkn9yAGtz6","EOSRedirectURL":"https:\/\/","EmailThankYou":"false","ThankYouEmailMessageLibrary":null,"ThankYouEmailMessage":null,"ValidateMessage":"false","ValidationMessageLibrary":null,"InactiveSurvey":"DefaultMessage","PartialDataCloseAfter":"LastActivity","ActiveResponseSet":null,"InactiveMessageLibrary":"","InactiveMessage":"","AvailableLanguages":{"EN":[]}}},{"SurveyID":"SV_5onvPlJuMfBbiPb","Element":"SCO","PrimaryAttribute":"Scoring","SecondaryAttribute":null,"TertiaryAttribute":null,"Payload":{"ScoringCategories":[],"ScoringCategoryGroups":[],"ScoringSummaryCategory":null,"ScoringSummaryAfterQuestions":0,"ScoringSummaryAfterSurvey":0,"DefaultScoringCategory":null,"AutoScoringCategory":null}},{"SurveyID":"SV_5onvPlJuMfBbiPb","Element":"PROJ","PrimaryAttribute":"CORE","SecondaryAttribute":null,"TertiaryAttribute":"1.1.0","Payload":{"ProjectCategory":"CORE","SchemaVersion":"1.1.0"}},{"SurveyID":"SV_5onvPlJuMfBbiPb","Element":"STAT","PrimaryAttribute":"Survey Statistics","SecondaryAttribute":null,"TertiaryAttribute":null,"Payload":{"MobileCompatible":true,"ID":"Survey Statistics"}},{"SurveyID":"SV_5onvPlJuMfBbiPb","Element":"QC","PrimaryAttribute":"Survey Question Count","SecondaryAttribute":"30","TertiaryAttribute":null,"Payload":null},{"SurveyID":"SV_5onvPlJuMfBbiPb","Element":"SQ","PrimaryAttribute":"QID28","SecondaryAttribute":"Click to write the question text","TertiaryAttribute":null,"Payload":{"QuestionText":"Click to write the question text","DataExportTag":"Q19","QuestionType":"MC","Selector":"SAVR","SubSelector":"TX","Configuration":{"QuestionDescriptionOption":"UseText"},"QuestionDescription":"Click to write the question text","Choices":{"1":{"Display":"Click to write Choice 1"},"2":{"Display":"Click to write Choice 2"},"3":{"Display":"Click to write Choice 3"}},"ChoiceOrder":["1","2","3"],"Validation":{"Settings":{"ForceResponse":"OFF","ForceResponseType":"ON","Type":"None"}},"Language":[],"NextChoiceId":4,"NextAnswerId":1,"QuestionID":"QID28"}},{"SurveyID":"SV_5onvPlJuMfBbiPb","Element":"SQ","PrimaryAttribute":"QID29","SecondaryAttribute":"Click to write the question text","TertiaryAttribute":null,"Payload":{"QuestionText":"Click to write the question text","DataExportTag":"Q20","QuestionType":"MC","Selector":"SAVR","SubSelector":"TX","Configuration":{"QuestionDescriptionOption":"UseText"},"QuestionDescription":"Click to write the question text","Choices":{"1":{"Display":"Click to write Choice 1"},"2":{"Display":"Click to write Choice 2"},"3":{"Display":"Click to write Choice 3"}},"ChoiceOrder":["1","2","3"],"Validation":{"Settings":{"ForceResponse":"OFF","ForceResponseType":"ON","Type":"None"}},"Language":[],"NextChoiceId":4,"NextAnswerId":1,"QuestionID":"QID29"}},{"SurveyID":"SV_5onvPlJuMfBbiPb","Element":"SQ","PrimaryAttribute":"QID30","SecondaryAttribute":"Click to write the question text","TertiaryAttribute":null,"Payload":{"QuestionText":"Click to write the question text","DataExportTag":"Q21","QuestionType":"MC","Selector":"SAVR","SubSelector":"TX","Configuration":{"QuestionDescriptionOption":"UseText"},"QuestionDescription":"Click to write the question text","Choices":{"1":{"Display":"Click to write Choice 1"},"2":{"Display":"Click to write Choice 2"},"3":{"Display":"Click to write Choice 3"}},"ChoiceOrder":["1","2","3"],"Validation":{"Settings":{"ForceResponse":"OFF","ForceResponseType":"ON","Type":"None"}},"Language":[],"NextChoiceId":4,"NextAnswerId":1,"QuestionID":"QID30"}},{"SurveyID":"SV_5onvPlJuMfBbiPb","Element":"RS","PrimaryAttribute":"RS_9zE060F48ZOg4vP","SecondaryAttribute":"Default Response Set","TertiaryAttribute":null,"Payload":null},{"SurveyID":"SV_5onvPlJuMfBbiPb","Element":"SQ","PrimaryAttribute":"QID21","SecondaryAttribute":"How does the money you earn from Mechanical Turk affect your lifestyle?","TertiaryAttribute":null,"Payload":{"QuestionText":"How does the money you earn from Mechanical Turk affect your lifestyle?","DataExportTag":"Q21","QuestionType":"MC","Selector":"SAVR","SubSelector":"TX","Configuration":{"QuestionDescriptionOption":"UseText"},"QuestionDescription":"How does the money you earn from Mechanical Turk affect your lifestyle?","Choices":{"1":{"Display":"Mechanical Turk money does not materially change my financial situation."},"2":{"Display":"Mechanical Turk money allows me to purchase nice goods which otherwise would be out of reach"},"3":{"Display":"Mechanical Turk money is sometimes needed to make basic ends meet"},"4":{"Display":"Mechanical Turk money is always needed to make basic ends meet"}},"ChoiceOrder":[1,2,3,4],"Validation":{"Settings":{"ForceResponse":"OFF","ForceResponseType":"ON","Type":"None"}},"Language":[],"NextChoiceId":5,"NextAnswerId":1,"QuestionID":"QID21","DataVisibility":{"Private":false,"Hidden":false}}},{"SurveyID":"SV_5onvPlJuMfBbiPb","Element":"SQ","PrimaryAttribute":"QID20","SecondaryAttribute":"How long do you spend on Mechanical Turk on a day when you use the platform?","TertiaryAttribute":null,"Payload":{"QuestionText":"How long do you spend on Mechanical Turk on a day when you use the platform?","DataExportTag":"Q20","QuestionType":"MC","Selector":"SAVR","SubSelector":"TX","Configuration":{"QuestionDescriptionOption":"UseText"},"QuestionDescription":"How long do you spend on Mechanical Turk on a day when you use the platform?","Choices":{"1":{"Display":"Less than 30 minutes"},"2":{"Display":"30 - 60 Minutes"},"3":{"Display":"1 - 2 hours"},"4":{"Display":"3 - 4 hours"},"5":{"Display":"5 - 6"},"6":{"Display":"More than 7 hours"}},"ChoiceOrder":[1,2,3,4,5,6],"Validation":{"Settings":{"ForceResponse":"OFF","ForceResponseType":"ON","Type":"None"}},"Language":[],"NextChoiceId":7,"NextAnswerId":1,"QuestionID":"QID20"}},{"SurveyID":"SV_5onvPlJuMfBbiPb","Element":"SQ","PrimaryAttribute":"QID19","SecondaryAttribute":"How often do you use Mechanical Turk each Week?","TertiaryAttribute":null,"Payload":{"QuestionText":"How often do you use Mechanical Turk each Week?","DataExportTag":"Q19","QuestionType":"MC","Selector":"SAVR","SubSelector":"TX","Configuration":{"QuestionDescriptionOption":"UseText"},"QuestionDescription":"How often do you use Mechanical Turk each Week?","Choices":{"1":{"Display":"Daily"},"2":{"Display":"4-6 times a week"},"3":{"Display":"2-3 times a week"},"4":{"Display":"Once a week"},"5":{"Display":"Once or twice a month"}},"ChoiceOrder":[1,2,3,4,5],"Validation":{"Settings":{"ForceResponse":"OFF","ForceResponseType":"ON","Type":"None"}},"Language":[],"NextChoiceId":6,"NextAnswerId":1,"QuestionID":"QID19"}},{"SurveyID":"SV_5onvPlJuMfBbiPb","Element":"SQ","PrimaryAttribute":"QID9","SecondaryAttribute":"How old are you?","TertiaryAttribute":null,"Payload":{"QuestionText":"How old are you?","DataExportTag":"Q9","QuestionType":"MC","Selector":"SAVR","SubSelector":"TX","Configuration":{"QuestionDescriptionOption":"UseText"},"QuestionDescription":"How old are you?","Choices":{"1":{"Display":"Under 18"},"2":{"Display":"18 - 24"},"3":{"Display":"25 - 34"},"4":{"Display":"35 - 44"},"5":{"Display":"45 - 54"},"6":{"Display":"55 - 64"},"7":{"Display":"65 - 74"},"8":{"Display":"75 - 84"},"9":{"Display":"85 or older"}},"ChoiceOrder":[1,2,3,4,5,6,7,8,9],"Validation":{"Settings":{"ForceResponse":"ON","ForceResponseType":"ON","Type":"None"}},"Language":[],"NextChoiceId":10,"NextAnswerId":1,"QuestionID":"QID9","DataVisibility":{"Private":false,"Hidden":false}}},{"SurveyID":"SV_5onvPlJuMfBbiPb","Element":"SQ","PrimaryAttribute":"QID23","SecondaryAttribute":"I am responding to this survey from:","TertiaryAttribute":null,"Payload":{"QuestionText":"I am responding to this survey from:","DataExportTag":"Q23","QuestionType":"MC","Selector":"SAVR","SubSelector":"TX","Configuration":{"QuestionDescriptionOption":"UseText"},"QuestionDescription":"I am responding to this survey from:","Choices":{"1":{"Display":"The United States"},"2":{"Display":"India"},"3":{"Display":"Canada"},"4":{"Display":"The United Kingdom"},"5":{"Display":"Another Country"}},"ChoiceOrder":[1,2,3,4,5],"Validation":{"Settings":{"ForceResponse":"OFF","ForceResponseType":"ON","Type":"None"}},"Language":[],"NextChoiceId":6,"NextAnswerId":1,"QuestionID":"QID23"}},{"SurveyID":"SV_5onvPlJuMfBbiPb","Element":"SQ","PrimaryAttribute":"QID4","SecondaryAttribute":"INFORMED CONSENT \u00a0 Title of the Research Study: Decision Making Study Principal Investigator: \u00a0 P.","TertiaryAttribute":null,"Payload":{"QuestionText":"<p><span style=\"font-size:12.0pt;font-family:&quot;Times New Roman&quot;,serif;\nmso-fareast-font-family:&quot;Times New Roman&quot;\">INFORMED CONSENT<o:p><\/o:p><\/span><\/p>\n\n<p><span style=\"font-size:12.0pt;font-family:&quot;Times New Roman&quot;,serif;\nmso-fareast-font-family:&quot;Times New Roman&quot;\"><o:p>&nbsp;<\/o:p><\/span><\/p>\n\n<p><strong><span style=\"font-size:12.0pt;font-family:&quot;Times New Roman&quot;,serif;\nmso-fareast-font-family:&quot;Times New Roman&quot;\">Title of the Research Study:\nDecision Making Study<\/span><\/strong><span style=\"font-size:12.0pt;font-family:&quot;Times New Roman&quot;,serif;\nmso-fareast-font-family:&quot;Times New Roman&quot;\"><o:p><\/o:p><\/span><\/p>\n\n<p><u><span style=\"font-size:12.0pt;font-family:&quot;Times New Roman&quot;,serif;\nmso-fareast-font-family:&quot;Times New Roman&quot;\">Principal Investigator<\/span><\/u><span style=\"font-size:12.0pt;font-family:&quot;Times New Roman&quot;,serif;mso-fareast-font-family:\n&quot;Times New Roman&quot;\">: <o:p><\/o:p><\/span><\/p>\n\n<p><span style=\"font-size:12.0pt;font-family:&quot;Times New Roman&quot;,serif;\nmso-fareast-font-family:&quot;Times New Roman&quot;\">&nbsp;<o:p><\/o:p><\/span><\/p>\n\n<p><span style=\"font-size:12.0pt;font-family:&quot;Times New Roman&quot;,serif;\nmso-fareast-font-family:&quot;Times New Roman&quot;\">Professor Judd Kessler<o:p><\/o:p><\/span><\/p>\n\n<p><span style=\"font-size:12.0pt;font-family:&quot;Times New Roman&quot;,serif;\nmso-fareast-font-family:&quot;Times New Roman&quot;\"><o:p>&nbsp;<\/o:p><\/span><\/p>\n\n<p><u><span style=\"font-size:12.0pt;font-family:&quot;Times New Roman&quot;,serif;\nmso-fareast-font-family:&quot;Times New Roman&quot;;mso-bidi-font-weight:bold\">Other\nInvestigator\/Point of Contact<\/span><\/u><span style=\"font-size:12.0pt;\nfont-family:&quot;Times New Roman&quot;,serif;mso-fareast-font-family:&quot;Times New Roman&quot;;\nmso-bidi-font-weight:bold\">:<o:p><\/o:p><\/span><\/p>\n\n<p><span style=\"font-size:12.0pt;font-family:&quot;Times New Roman&quot;,serif;\nmso-fareast-font-family:&quot;Times New Roman&quot;;mso-bidi-font-weight:bold\"><o:p>&nbsp;<\/o:p><\/span><\/p>\n\n<p><span lang=\"ES\" style=\"font-size:12.0pt;font-family:&quot;Times New Roman&quot;,serif;\nmso-fareast-font-family:&quot;Times New Roman&quot;;mso-ansi-language:ES;mso-bidi-font-weight:\nbold\">Ben Goodman<o:p><\/o:p><\/span><\/p>\n\n<p><span lang=\"ES\" style=\"font-size:12.0pt;font-family:&quot;Times New Roman&quot;,serif;\nmso-fareast-font-family:&quot;Times New Roman&quot;;mso-ansi-language:ES;mso-bidi-font-weight:\nbold\">bengoo@sas.upenn.edu<o:p><\/o:p><\/span><\/p>\n\n<p><strong><span lang=\"ES\" style=\"font-size:12.0pt;font-family:&quot;Times New Roman&quot;,serif;\nmso-fareast-font-family:&quot;Times New Roman&quot;;mso-ansi-language:ES\">&nbsp;<\/span><\/strong><span lang=\"ES\" style=\"font-size:12.0pt;font-family:&quot;Times New Roman&quot;,serif;mso-fareast-font-family:\n&quot;Times New Roman&quot;;mso-ansi-language:ES\"><o:p><\/o:p><\/span><\/p>\n\n<p><span style=\"font-size:12.0pt;font-family:&quot;Times New Roman&quot;,serif;\nmso-fareast-font-family:&quot;Times New Roman&quot;\">You are being asked to take part in\na research study. This is not a form of treatment or therapy.&nbsp; It is not\nsupposed to detect a disease or find something wrong. Your participation is\nvoluntary which means you can choose whether or not to participate.&nbsp; If\nyou decide to participate or not to participate there will be no loss of\nbenefits to which you are otherwise entitled. Before you make a decision you\nwill need to know the purpose of the study, the possible risks and benefits of\nbeing in the study and what you will have to do if decide to participate.&nbsp;\nA member of the research team is available by email to talk with you about the\nstudy if further questions exist.<o:p><\/o:p><\/span><\/p>\n\n<p><span style=\"font-size:12.0pt;font-family:&quot;Times New Roman&quot;,serif;\nmso-fareast-font-family:&quot;Times New Roman&quot;\">&nbsp;<o:p><\/o:p><\/span><\/p>\n\n<p><span style=\"font-size:12.0pt;font-family:&quot;Times New Roman&quot;,serif;\nmso-fareast-font-family:&quot;Times New Roman&quot;\">Please ask the researcher to explain\nanything you do not understand, including any language contained in this form.\nIf you decide to participate, you will be asked to continue with the study\nafter reading&nbsp;this form and your continuation will indicate your consent. <o:p><\/o:p><\/span><\/p>\n\n<p><span style=\"font-size:12.0pt;font-family:&quot;Times New Roman&quot;,serif;\nmso-fareast-font-family:&quot;Times New Roman&quot;\">&nbsp;<o:p><\/o:p><\/span><\/p>\n\n<p><strong><span style=\"font-size:12.0pt;font-family:&quot;Times New Roman&quot;,serif;\nmso-fareast-font-family:&quot;Times New Roman&quot;\">What is the purpose of the study?<\/span><\/strong><span style=\"font-size:12.0pt;font-family:&quot;Times New Roman&quot;,serif;mso-fareast-font-family:\n&quot;Times New Roman&quot;\"> <o:p><\/o:p><\/span><\/p>\n\n<p><span style=\"font-size:12.0pt;font-family:&quot;Times New Roman&quot;,serif;\nmso-fareast-font-family:&quot;Times New Roman&quot;\">&nbsp;<o:p><\/o:p><\/span><\/p>\n\n<p><span style=\"font-size:12.0pt;font-family:&quot;Times New Roman&quot;,serif;\nmso-fareast-font-family:&quot;Times New Roman&quot;\">The purpose of the study is to learn\nabout how people make decisions.<o:p><\/o:p><\/span><\/p>\n\n<p><em><span style=\"font-size:12.0pt;font-family:&quot;Times New Roman&quot;,serif;\nmso-fareast-font-family:&quot;Times New Roman&quot;\">&nbsp;<\/span><\/em><span style=\"font-size:12.0pt;font-family:&quot;Times New Roman&quot;,serif;mso-fareast-font-family:\n&quot;Times New Roman&quot;\"><o:p><\/o:p><\/span><\/p>\n\n<p><strong><span style=\"font-size:12.0pt;font-family:&quot;Times New Roman&quot;,serif;\nmso-fareast-font-family:&quot;Times New Roman&quot;\">Why was I asked to participate in\nthe study?<\/span><\/strong><span style=\"font-size:12.0pt;font-family:&quot;Times New Roman&quot;,serif;\nmso-fareast-font-family:&quot;Times New Roman&quot;\"> <o:p><\/o:p><\/span><\/p>\n\n<p><em><span style=\"font-size:12.0pt;font-family:&quot;Times New Roman&quot;,serif;\nmso-fareast-font-family:&quot;Times New Roman&quot;\">&nbsp;<\/span><\/em><span style=\"font-size:12.0pt;font-family:&quot;Times New Roman&quot;,serif;mso-fareast-font-family:\n&quot;Times New Roman&quot;\"><o:p><\/o:p><\/span><\/p>\n\n<p><span style=\"font-size:12.0pt;font-family:&quot;Times New Roman&quot;,serif;\nmso-fareast-font-family:&quot;Times New Roman&quot;\">You are being asked to join this\nstudy because you have volunteered to participate in the study for compensation.\n<o:p><\/o:p><\/span><\/p>\n\n<p><em><span style=\"font-size:12.0pt;font-family:&quot;Times New Roman&quot;,serif;\nmso-fareast-font-family:&quot;Times New Roman&quot;\">&nbsp;<\/span><\/em><span style=\"font-size:12.0pt;font-family:&quot;Times New Roman&quot;,serif;mso-fareast-font-family:\n&quot;Times New Roman&quot;\"><o:p><\/o:p><\/span><\/p>\n\n<p><strong><span style=\"font-size:12.0pt;font-family:&quot;Times New Roman&quot;,serif;\nmso-fareast-font-family:&quot;Times New Roman&quot;\">How long will I be in the study?<\/span><\/strong><span style=\"font-size:12.0pt;font-family:&quot;Times New Roman&quot;,serif;mso-fareast-font-family:\n&quot;Times New Roman&quot;\"> <strong>How many other people will be in the study?<\/strong><o:p><\/o:p><\/span><\/p>\n\n<p><span style=\"font-size:12.0pt;font-family:&quot;Times New Roman&quot;,serif;\nmso-fareast-font-family:&quot;Times New Roman&quot;\">&nbsp;<o:p><\/o:p><\/span><\/p>\n\n<p><span style=\"font-size:12.0pt;font-family:&quot;Times New Roman&quot;,serif;\nmso-fareast-font-family:&quot;Times New Roman&quot;\">The study will take place over a\nperiod of several months. Each participant will be asked to spend up to 20 minutes\nmaking decisions for this study. Most people should be able to complete the survey within 5 to 8 minutes.<o:p><\/o:p><\/span><\/p>\n\n<p><span style=\"font-size:12.0pt;font-family:&quot;Times New Roman&quot;,serif;\nmso-fareast-font-family:&quot;Times New Roman&quot;\">&nbsp;<o:p><\/o:p><\/span><\/p>\n\n<p><span style=\"font-size:12.0pt;font-family:&quot;Times New Roman&quot;,serif;\nmso-fareast-font-family:&quot;Times New Roman&quot;\">You will be one of approximately 500\npeople in the study.&nbsp;&nbsp;&nbsp; <o:p><\/o:p><\/span><\/p>\n\n<p><span style=\"font-size:12.0pt;font-family:&quot;Times New Roman&quot;,serif;\nmso-fareast-font-family:&quot;Times New Roman&quot;\">&nbsp; <o:p><\/o:p><\/span><\/p>\n\n<p><strong><span style=\"font-size:12.0pt;font-family:&quot;Times New Roman&quot;,serif;\nmso-fareast-font-family:&quot;Times New Roman&quot;\">Where will the study take place?<\/span><\/strong><span style=\"font-size:12.0pt;font-family:&quot;Times New Roman&quot;,serif;mso-fareast-font-family:\n&quot;Times New Roman&quot;\"> <o:p><\/o:p><\/span><\/p>\n\n<p><em><span style=\"font-size:12.0pt;font-family:&quot;Times New Roman&quot;,serif;\nmso-fareast-font-family:&quot;Times New Roman&quot;\">&nbsp;<\/span><\/em><span style=\"font-size:12.0pt;font-family:&quot;Times New Roman&quot;,serif;mso-fareast-font-family:\n&quot;Times New Roman&quot;\"><o:p><\/o:p><\/span><\/p>\n\n<p><span style=\"font-size:12.0pt;font-family:&quot;Times New Roman&quot;,serif;\nmso-fareast-font-family:&quot;Times New Roman&quot;;mso-bidi-font-weight:bold\">The study\ntakes place virtually, with people like you participating via the Mechanical\nTurk platform.<o:p><\/o:p><\/span><\/p>\n\n<p><strong><span style=\"font-size:12.0pt;font-family:&quot;Times New Roman&quot;,serif;\nmso-fareast-font-family:&quot;Times New Roman&quot;\"><o:p>&nbsp;<\/o:p><\/span><\/strong><\/p>\n\n<p><strong><span style=\"font-size:12.0pt;font-family:&quot;Times New Roman&quot;,serif;\nmso-fareast-font-family:&quot;Times New Roman&quot;\">What will I be asked to do?<\/span><\/strong><span style=\"font-size:12.0pt;font-family:&quot;Times New Roman&quot;,serif;mso-fareast-font-family:\n&quot;Times New Roman&quot;\"><o:p><\/o:p><\/span><\/p>\n\n<p><span style=\"font-size:12.0pt;font-family:&quot;Times New Roman&quot;,serif;\nmso-fareast-font-family:&quot;Times New Roman&quot;\">&nbsp;<o:p><\/o:p><\/span><\/p>\n\n<p><span style=\"font-size:12.0pt;font-family:&quot;Times New Roman&quot;,serif;\nmso-fareast-font-family:&quot;Times New Roman&quot;\">You will be shown a series of\nquestions. You will be asked to answer the questions to the best of your\nability.&nbsp; <o:p><\/o:p><\/span><\/p>\n\n<p><em><span style=\"font-size:12.0pt;font-family:&quot;Times New Roman&quot;,serif;\nmso-fareast-font-family:&quot;Times New Roman&quot;\">&nbsp;<\/span><\/em><span style=\"font-size:12.0pt;font-family:&quot;Times New Roman&quot;,serif;mso-fareast-font-family:\n&quot;Times New Roman&quot;\"><o:p><\/o:p><\/span><\/p>\n\n<p><strong><span style=\"font-size:12.0pt;font-family:&quot;Times New Roman&quot;,serif;\nmso-fareast-font-family:&quot;Times New Roman&quot;\">How will I benefit from the study?<\/span><\/strong><span style=\"font-size:12.0pt;font-family:&quot;Times New Roman&quot;,serif;mso-fareast-font-family:\n&quot;Times New Roman&quot;\"><o:p><\/o:p><\/span><\/p>\n\n<p><span style=\"font-size:12.0pt;font-family:&quot;Times New Roman&quot;,serif;\nmso-fareast-font-family:&quot;Times New Roman&quot;\">&nbsp;<o:p><\/o:p><\/span><\/p>\n\n<p><span style=\"font-size:12.0pt;font-family:&quot;Times New Roman&quot;,serif;\nmso-fareast-font-family:&quot;Times New Roman&quot;\">You will not benefit directly from\nparticipating in this study except in monetary compensation, as described below.<o:p><\/o:p><\/span><\/p>\n\n<p><span style=\"font-size:12.0pt;font-family:&quot;Times New Roman&quot;,serif;\nmso-fareast-font-family:&quot;Times New Roman&quot;\">&nbsp;<o:p><\/o:p><\/span><\/p>\n\n<p><strong><span style=\"font-size:12.0pt;font-family:&quot;Times New Roman&quot;,serif;\nmso-fareast-font-family:&quot;Times New Roman&quot;\">How will I be compensated for my\nparticipation?<\/span><\/strong><span style=\"font-size:12.0pt;font-family:&quot;Times New Roman&quot;,serif;\nmso-fareast-font-family:&quot;Times New Roman&quot;\"><o:p><\/o:p><\/span><\/p>\n\n<p><strong><span style=\"font-size:12.0pt;font-family:&quot;Times New Roman&quot;,serif;\nmso-fareast-font-family:&quot;Times New Roman&quot;\">&nbsp;<\/span><\/strong><span style=\"font-size:12.0pt;font-family:&quot;Times New Roman&quot;,serif;mso-fareast-font-family:\n&quot;Times New Roman&quot;\"><o:p><\/o:p><\/span><\/p>\n\n<p><span style=\"font-size:12.0pt;font-family:&quot;Times New Roman&quot;,serif;\nmso-fareast-font-family:&quot;Times New Roman&quot;\">You will be paid $0.50 for your\nparticipation in the study. You have the potential to receive additional\ncompensation based on your answers to certain questions.<o:p><\/o:p><\/span><\/p>\n\n<p><span style=\"font-size:12.0pt;font-family:&quot;Times New Roman&quot;,serif;\nmso-fareast-font-family:&quot;Times New Roman&quot;\">&nbsp;<o:p><\/o:p><\/span><\/p>\n\n<p><strong><span style=\"font-size:12.0pt;font-family:&quot;Times New Roman&quot;,serif;\nmso-fareast-font-family:&quot;Times New Roman&quot;\">What other choices do I have?<\/span><\/strong><span style=\"font-size:12.0pt;font-family:&quot;Times New Roman&quot;,serif;mso-fareast-font-family:\n&quot;Times New Roman&quot;\"> <o:p><\/o:p><\/span><\/p>\n\n<p><span style=\"font-size:12.0pt;font-family:&quot;Times New Roman&quot;,serif;\nmso-fareast-font-family:&quot;Times New Roman&quot;\">&nbsp;<o:p><\/o:p><\/span><\/p>\n\n<p><span style=\"font-size:12.0pt;font-family:&quot;Times New Roman&quot;,serif;\nmso-fareast-font-family:&quot;Times New Roman&quot;\">Your alternative to being in the\nstudy is to not be in the study.&nbsp; <o:p><\/o:p><\/span><\/p>\n\n<p><span style=\"font-size:12.0pt;font-family:&quot;Times New Roman&quot;,serif;\nmso-fareast-font-family:&quot;Times New Roman&quot;\">&nbsp;<o:p><\/o:p><\/span><\/p>\n\n<p><strong><span style=\"font-size:12.0pt;font-family:&quot;Times New Roman&quot;,serif;\nmso-fareast-font-family:&quot;Times New Roman&quot;\">What happens if I do not choose to\njoin the research study?<\/span><\/strong><span style=\"font-size:12.0pt;font-family:\n&quot;Times New Roman&quot;,serif;mso-fareast-font-family:&quot;Times New Roman&quot;\"> <o:p><\/o:p><\/span><\/p>\n\n<p><span style=\"font-size:12.0pt;font-family:&quot;Times New Roman&quot;,serif;\nmso-fareast-font-family:&quot;Times New Roman&quot;\">&nbsp;<o:p><\/o:p><\/span><\/p>\n\n<p><span style=\"font-size:12.0pt;font-family:&quot;Times New Roman&quot;,serif;\nmso-fareast-font-family:&quot;Times New Roman&quot;\">Nothing will happen if you opt out\nof this research study. Your participation is completely voluntary.<o:p><\/o:p><\/span><\/p>\n\n<p><span style=\"font-size:12.0pt;font-family:&quot;Times New Roman&quot;,serif;\nmso-fareast-font-family:&quot;Times New Roman&quot;\">&nbsp;<o:p><\/o:p><\/span><\/p>\n\n<p><strong><span style=\"font-size:12.0pt;font-family:&quot;Times New Roman&quot;,serif;\nmso-fareast-font-family:&quot;Times New Roman&quot;\">How will confidentiality be\nmaintained and my privacy be protected?<\/span><\/strong><span style=\"font-size:12.0pt;\nfont-family:&quot;Times New Roman&quot;,serif;mso-fareast-font-family:&quot;Times New Roman&quot;\">\n<o:p><\/o:p><\/span><\/p>\n\n<p><span style=\"font-size:12.0pt;font-family:&quot;Times New Roman&quot;,serif;\nmso-fareast-font-family:&quot;Times New Roman&quot;\">&nbsp;<o:p><\/o:p><\/span><\/p>\n\n<p><span style=\"font-size:12.0pt;font-family:&quot;Times New Roman&quot;,serif;\nmso-fareast-font-family:&quot;Times New Roman&quot;\">The research team will make every\neffort to keep all the information you tell us during the study strictly\nconfidential, as required by law. The Institutional Review Board (IRB) at the\nUniversity of Pennsylvania is responsible for protecting the rights and welfare\nof research volunteers like you. The IRB has access to this study\u2019s\ninformation.<o:p><\/o:p><\/span><\/p>\n\n<p><span style=\"font-size:12.0pt;font-family:&quot;Times New Roman&quot;,serif;\nmso-fareast-font-family:&quot;Times New Roman&quot;\">&nbsp;<o:p><\/o:p><\/span><\/p>\n\n<p><strong><span style=\"font-size:12.0pt;\nfont-family:&quot;Times New Roman&quot;,serif;mso-fareast-font-family:&quot;Times New Roman&quot;\">Who\ncan I call with questions, complaints or if I\u2019m concerned about my rights as a\nresearch subject? <o:p><\/o:p><\/span><\/strong><\/p>\n\n<p><span style=\"font-size:12.0pt;font-family:&quot;Times New Roman&quot;,serif;\nmso-fareast-font-family:&quot;Times New Roman&quot;\"><o:p>&nbsp;<\/o:p><\/span><\/p>\n\n<p><span style=\"font-size:12.0pt;font-family:&quot;Times New Roman&quot;,serif;\nmso-fareast-font-family:&quot;Times New Roman&quot;\">If you have questions, concerns or\ncomplaints regarding your participation in this research study or if you have\nany questions about your rights as a research subject, you should speak with\nthe Point of Contact listed above.&nbsp; If a member of the research team\ncannot be reached or you want to talk to someone other than those working on\nthe study, you may contact the Office of Regulatory Affairs with any question,\nconcerns or complaints at the University of Pennsylvania by calling (215)&nbsp;898-2614.<o:p><\/o:p><\/span><\/p>\n\n<p><span style=\"font-size:12.0pt;font-family:&quot;Times New Roman&quot;,serif;\nmso-fareast-font-family:&quot;Times New Roman&quot;\">&nbsp;<o:p><\/o:p><\/span><\/p>\n\n<p><span style=\"font-size:12.0pt;font-family:&quot;Times New Roman&quot;,serif;\nmso-fareast-font-family:&quot;Times New Roman&quot;\">By continuing with this study, you\nare consenting to participate.<\/span><o:p><\/o:p><\/p>","DefaultChoices":false,"DataExportTag":"Q4","QuestionID":"QID4","QuestionType":"DB","Selector":"TB","DataVisibility":{"Private":false,"Hidden":false},"Configuration":{"QuestionDescriptionOption":"UseText"},"QuestionDescription":"INFORMED CONSENT \u00a0 Title of the Research Study: Decision Making Study Principal Investigator: \u00a0 P...","ChoiceOrder":[],"Validation":{"Settings":{"Type":"None"}},"GradingData":[],"Language":[],"NextChoiceId":8,"NextAnswerId":1}},{"SurveyID":"SV_5onvPlJuMfBbiPb","Element":"SQ","PrimaryAttribute":"QID13","SecondaryAttribute":"Please estimate your household's annual income (before taxes), and select the appropriate option...","TertiaryAttribute":null,"Payload":{"QuestionText":"<span style=\"color: rgb(89, 89, 89); font-size: 13px;\">Please estimate your household's annual income (before taxes), and select the appropriate option below.<\/span>","DataExportTag":"Q13","QuestionType":"MC","Selector":"SAVR","SubSelector":"TX","Configuration":{"QuestionDescriptionOption":"UseText"},"QuestionDescription":"Please estimate your household's annual income (before taxes), and select the appropriate option...","Choices":{"1":{"Display":"Less than $10,000"},"2":{"Display":"$10,000 - $19,999"},"3":{"Display":"$20,000 - $29,999"},"4":{"Display":"$30,000 - $39,999"},"5":{"Display":"$40,000 - $49,999"},"6":{"Display":"$50,000 - $59,999"},"7":{"Display":"$60,000 - $69,999"},"8":{"Display":"$70,000 - $79,999"},"9":{"Display":"$80,000 - $89,999"},"10":{"Display":"$90,000 - $99,999"},"11":{"Display":"$100,000 - $149,999"},"12":{"Display":"More than $150,000"}},"ChoiceOrder":[1,2,3,4,5,6,7,8,9,10,11,12],"Validation":{"Settings":{"ForceResponse":"ON","ForceResponseType":"ON","Type":"None"}},"Language":[],"NextChoiceId":13,"NextAnswerId":1,"QuestionID":"QID13","DataVisibility":{"Private":false,"Hidden":false}}},{"SurveyID":"SV_5onvPlJuMfBbiPb","Element":"SQ","PrimaryAttribute":"QID17","SecondaryAttribute":"Please indicate your occupation's industry:","TertiaryAttribute":null,"Payload":{"QuestionText":"<div>Please indicate your occupation's industry:<\/div>","DataExportTag":"Q17","QuestionType":"MC","Selector":"SAVR","SubSelector":"TX","Configuration":{"QuestionDescriptionOption":"UseText"},"QuestionDescription":"Please indicate your occupation's industry:","Choices":{"1":{"Display":"Management, professional, and related"},"2":{"Display":"Service"},"3":{"Display":"Sales and office"},"4":{"Display":"Farming, fishing, and forestry"},"5":{"Display":"Construction, extraction, and maintenance"},"6":{"Display":"Production, transportation, and material moving"},"7":{"Display":"Government"},"8":{"Display":"Retired"},"9":{"Display":"Unemployed"}},"ChoiceOrder":[1,2,3,4,5,6,7,8,9],"Validation":{"Settings":{"ForceResponse":"OFF","ForceResponseType":"ON","Type":"None"}},"Language":[],"NextChoiceId":10,"NextAnswerId":1,"QuestionID":"QID17","DataVisibility":{"Private":false,"Hidden":false}}},{"SurveyID":"SV_5onvPlJuMfBbiPb","Element":"SQ","PrimaryAttribute":"QID1","SecondaryAttribute":"Please select one of the two payout options below. At the end of the survey, there is a 10% chanc...","TertiaryAttribute":null,"Payload":{"QuestionText":"Please select one of the two payout options below. At the end of the survey, there is a 10% chance that your choice will be carried out and you will receive the payout for the option you have selected.","DataExportTag":"Q1","QuestionType":"MC","Selector":"SAVR","SubSelector":"TX","Configuration":{"QuestionDescriptionOption":"UseText"},"QuestionDescription":"Please select one of the two payout options below. At the end of the survey, there is a 10% chanc...","Choices":{"1":{"Display":"Wage Choice - Guaranteed Receipt of $10.00"},"2":{"Display":"Investment Choice - Receipt of $10 with 50% probability, receipt of $12 with 50% probability"}},"ChoiceOrder":[1,2],"Validation":{"Settings":{"ForceResponse":"ON","ForceResponseType":"ON","Type":"None"}},"Language":[],"NextChoiceId":3,"NextAnswerId":1,"QuestionID":"QID1","DataVisibility":{"Private":false,"Hidden":false}}},{"SurveyID":"SV_5onvPlJuMfBbiPb","Element":"SQ","PrimaryAttribute":"QID6","SecondaryAttribute":"Please select one of the two payout options below. At the end of the survey, there is a 10% chanc...","TertiaryAttribute":null,"Payload":{"QuestionText":"Please select one of the two payout options below. At the end of the survey, there is a 10% chance that your choice will be carried out and you will receive the payout for the option you have selected.","DefaultChoices":false,"DataExportTag":"Q6","QuestionType":"MC","Selector":"SAVR","SubSelector":"TX","Configuration":{"QuestionDescriptionOption":"UseText"},"QuestionDescription":"Please select one of the two payout options below. At the end of the survey, there is a 10% chanc...","Choices":{"1":{"Display":"Wage Choice - Guaranteed Receipt of $10.00"},"2":{"Display":"Investment Choice - You should know that the last 20 investment decisions yielded payouts of:  $11.16, $10.93,  $10.87,  $11.10,   $11.15,  $10.93,  $11.34,  $11.14,  $10.59,  $10.08,  $10.79,   $11.77,  $11.35,  $10.79,   $10.97,  $11.41,  $11.02,  $10.66,  $11.01,  $11.21"}},"ChoiceOrder":[1,2],"Validation":{"Settings":{"ForceResponse":"ON","ForceResponseType":"ON","Type":"None"}},"GradingData":[],"Language":[],"NextChoiceId":3,"NextAnswerId":1,"QuestionID":"QID6","DataVisibility":{"Private":false,"Hidden":false}}},{"SurveyID":"SV_5onvPlJuMfBbiPb","Element":"SQ","PrimaryAttribute":"QID7","SecondaryAttribute":"Please select one of the two payout options below. At the end of the survey, there is a 10% chanc...","TertiaryAttribute":null,"Payload":{"QuestionText":"Please select one of the two payout options below. At the end of the survey, there is a 10% chance that your choice will be carried out and you will receive the payout for the option you have selected.","DefaultChoices":false,"DataExportTag":"Q7","QuestionType":"MC","Selector":"SAVR","SubSelector":"TX","Configuration":{"QuestionDescriptionOption":"UseText"},"QuestionDescription":"Please select one of the two payout options below. At the end of the survey, there is a 10% chanc...","Choices":{"1":{"Display":"Wage Choice - Guaranteed Receipt of $10.00"},"2":{"Display":"Investment Choice - You should know that the last 20 investment decisions yielded payouts of:  $9.45,  $10.47,  $8.69,  $10.95,  $10.95,  $11.79,  $11.74,  $11.81,  $10.58,  $11.54,  $12.26,  $12.29,  $8.93,  $12.21, $11.33,   $11.25,  $11.22,  $8.99,  $11.84,  $8.92"}},"ChoiceOrder":[1,2],"Validation":{"Settings":{"ForceResponse":"ON","ForceResponseType":"ON","Type":"None"}},"GradingData":[],"Language":[],"NextChoiceId":3,"NextAnswerId":1,"QuestionID":"QID7","DataVisibility":{"Private":false,"Hidden":false}}},{"SurveyID":"SV_5onvPlJuMfBbiPb","Element":"SQ","PrimaryAttribute":"QID8","SecondaryAttribute":"Please select one of the two payout options below. At the end of the survey, there is a 10% chanc...","TertiaryAttribute":null,"Payload":{"QuestionText":"Please select one of the two payout options below. At the end of the survey, there is a 10% chance that your choice will be carried out and you will receive the payout for the option you have selected.","DefaultChoices":false,"DataExportTag":"Q8","QuestionType":"MC","Selector":"SAVR","SubSelector":"TX","Configuration":{"QuestionDescriptionOption":"UseText"},"QuestionDescription":"Please select one of the two payout options below. At the end of the survey, there is a 10% chanc...","Choices":{"1":{"Display":"Wage Choice - Guaranteed Receipt of $10.00"},"2":{"Display":"Investment Choice - Receipt of $9.00 with 50 percent probability, receipt of $13.00 with 50 percent probability"}},"ChoiceOrder":[1,2],"Validation":{"Settings":{"ForceResponse":"ON","ForceResponseType":"ON","Type":"None"}},"GradingData":[],"Language":[],"NextChoiceId":3,"NextAnswerId":1,"QuestionID":"QID8","DataVisibility":{"Private":false,"Hidden":false}}},{"SurveyID":"SV_5onvPlJuMfBbiPb","Element":"SQ","PrimaryAttribute":"QID10","SecondaryAttribute":"What is the highest level of school you have completed or the highest degree you have received?\u00a0","TertiaryAttribute":null,"Payload":{"QuestionText":"<div>What is the highest level of school you have completed or the highest degree you have received?&nbsp;<\/div>","DataExportTag":"Q10","QuestionType":"MC","Selector":"SAVR","SubSelector":"TX","Configuration":{"QuestionDescriptionOption":"UseText"},"QuestionDescription":"What is the highest level of school you have completed or the highest degree you have received?\u00a0","Choices":{"1":{"Display":"Less than high school degree"},"2":{"Display":"High school graduate (high school diploma or equivalent including GED)"},"3":{"Display":"Some college but no degree"},"4":{"Display":"Associate or Technical degree in college (2-year)"},"5":{"Display":"Bachelor;s degree in college (4-year)"},"6":{"Display":"Master's degree"},"7":{"Display":"Doctoral degree"},"8":{"Display":"Professional degree (JD, MD)"}},"ChoiceOrder":[1,2,3,4,5,6,7,8],"Validation":{"Settings":{"ForceResponse":"ON","ForceResponseType":"ON","Type":"None"}},"Language":[],"NextChoiceId":9,"NextAnswerId":1,"QuestionID":"QID10","DataVisibility":{"Private":false,"Hidden":false}}},{"SurveyID":"SV_5onvPlJuMfBbiPb","Element":"SQ","PrimaryAttribute":"QID14","SecondaryAttribute":"What is your sex?","TertiaryAttribute":null,"Payload":{"QuestionText":"What is your sex?","DataExportTag":"Q14","QuestionType":"MC","Selector":"SAVR","SubSelector":"TX","Configuration":{"QuestionDescriptionOption":"UseText"},"QuestionDescription":"What is your sex?","Choices":{"1":{"Display":"Male"},"2":{"Display":"Female"},"3":{"Display":"Non-binary"}},"ChoiceOrder":[1,2,3],"Validation":{"Settings":{"ForceResponse":"OFF","ForceResponseType":"ON","Type":"None"}},"Language":[],"NextChoiceId":4,"NextAnswerId":1,"QuestionID":"QID14","DataVisibility":{"Private":false,"Hidden":false}}},{"SurveyID":"SV_5onvPlJuMfBbiPb","Element":"SQ","PrimaryAttribute":"QID12","SecondaryAttribute":"Which statement best describes your current employment status?","TertiaryAttribute":null,"Payload":{"QuestionText":"<div>Which statement best describes your current employment status?<\/div>","DataExportTag":"Q12","QuestionType":"MC","Selector":"SAVR","SubSelector":"TX","Configuration":{"QuestionDescriptionOption":"UseText"},"QuestionDescription":"Which statement best describes your current employment status?","Choices":{"1":{"Display":"Full-time employed"},"2":{"Display":"Part-time employed"},"3":{"Display":"Part-time looking for full-time"},"4":{"Display":"Not working and seeking employment"},"5":{"Display":"Retired"},"6":{"Display":"Not Working (disabled)"},"7":{"Display":"Prefer not to answer"}},"ChoiceOrder":[1,2,3,4,5,6,7],"Validation":{"Settings":{"ForceResponse":"ON","ForceResponseType":"ON","Type":"None"}},"Language":[],"NextChoiceId":8,"NextAnswerId":1,"QuestionID":"QID12","DataVisibility":{"Private":false,"Hidden":false}}},{"SurveyID":"SV_5onvPlJuMfBbiPb","Element":"SQ","PrimaryAttribute":"QID26","SecondaryAttribute":"Your survey was not randomly selected to be a winner.","TertiaryAttribute":null,"Payload":{"QuestionText":"Your survey was not randomly selected to be a winner.","DefaultChoices":false,"DataExportTag":"Q17","QuestionType":"DB","Selector":"TB","Configuration":{"QuestionDescriptionOption":"UseText"},"QuestionDescription":"Your survey was not randomly selected to be a winner.","ChoiceOrder":[],"Validation":{"Settings":{"Type":"None"}},"GradingData":[],"Language":[],"NextChoiceId":4,"NextAnswerId":1,"QuestionID":"QID26","DataVisibility":{"Private":false,"Hidden":false}}},{"SurveyID":"SV_5onvPlJuMfBbiPb","Element":"SQ","PrimaryAttribute":"QID27","SecondaryAttribute":"Your survey was randomly selected to be a winner. As you selected the option to \"work\" at the beg...","TertiaryAttribute":null,"Payload":{"QuestionText":"<div>Your survey was randomly selected to be a winner. As you selected the option to \"work\" at the beginning of the survey, you will receive a bonus payment of $10.00 within the next few weeks to your Mechanical Turk account.<\/div>","DefaultChoices":false,"DataExportTag":"Q18","QuestionType":"DB","Selector":"TB","Configuration":{"QuestionDescriptionOption":"UseText"},"QuestionDescription":"Your survey was randomly selected to be a winner. As you selected the option to \"work\" at the beg...","ChoiceOrder":[],"Validation":{"Settings":{"Type":"None"}},"GradingData":[],"Language":[],"NextChoiceId":4,"NextAnswerId":1,"QuestionID":"QID27","DataVisibility":{"Private":false,"Hidden":false},"DisplayLogic":{"0":{"0":{"LogicType":"Question","QuestionID":"QID1","QuestionIsInLoop":"no","ChoiceLocator":"q:\/\/QID1\/SelectableChoice\/1","Operator":"Selected","QuestionIDFromLocator":"QID1","LeftOperand":"q:\/\/QID1\/SelectableChoice\/1","Type":"Expression","Description":"<span class=\"ConjDesc\">If<\/span> <span class=\"QuestionDesc\">Please select one of the two payout options below. At the end of the survey, there is a 10% chanc...<\/span> <span class=\"LeftOpDesc\">Wage Choice - Guaranteed Receipt of $10.00<\/span> <span class=\"OpDesc\">Is Selected<\/span> "},"1":{"LogicType":"Question","QuestionID":"QID8","QuestionIsInLoop":"no","ChoiceLocator":"q:\/\/QID8\/SelectableChoice\/1","Operator":"Selected","QuestionIDFromLocator":"QID8","LeftOperand":"q:\/\/QID8\/SelectableChoice\/1","Type":"Expression","Description":"<span class=\"ConjDesc\">Or<\/span> <span class=\"QuestionDesc\">Please select one of the two payout options below. At the end of the survey, there is a 10% chanc...<\/span> <span class=\"LeftOpDesc\">Wage Choice - Guaranteed Receipt of $10.00<\/span> <span class=\"OpDesc\">Is Selected<\/span> ","Conjuction":"Or"},"2":{"LogicType":"Question","QuestionID":"QID7","QuestionIsInLoop":"no","ChoiceLocator":"q:\/\/QID7\/SelectableChoice\/1","Operator":"Selected","QuestionIDFromLocator":"QID7","LeftOperand":"q:\/\/QID7\/SelectableChoice\/1","Type":"Expression","Description":"<span class=\"ConjDesc\">Or<\/span> <span class=\"QuestionDesc\">Please select one of the two payout options below. At the end of the survey, there is a 10% chanc...<\/span> <span class=\"LeftOpDesc\">Wage Choice - Guaranteed Receipt of $10.00<\/span> <span class=\"OpDesc\">Is Selected<\/span> ","Conjuction":"Or"},"3":{"LogicType":"Question","QuestionID":"QID6","QuestionIsInLoop":"no","ChoiceLocator":"q:\/\/QID6\/SelectableChoice\/1","Operator":"Selected","QuestionIDFromLocator":"QID6","LeftOperand":"q:\/\/QID6\/SelectableChoice\/1","Type":"Expression","Description":"<span class=\"ConjDesc\">Or<\/span> <span class=\"QuestionDesc\">Please select one of the two payout options below. At the end of the survey, there is a 10% chanc...<\/span> <span class=\"LeftOpDesc\">Wage Choice - Guaranteed Receipt of $10.00<\/span> <span class=\"OpDesc\">Is Selected<\/span> ","Conjuction":"Or"},"Type":"If"},"Type":"BooleanExpression","inPage":false}}},{"SurveyID":"SV_5onvPlJuMfBbiPb","Element":"SQ","PrimaryAttribute":"QID25","SecondaryAttribute":"Your survey was randomly selected to be a winner. As you selected the option to invest at the beg...","TertiaryAttribute":null,"Payload":{"QuestionText":"Your survey was randomly selected to be a winner. As you selected the option to invest at the beginning of the survey, you will receive a bonus payment in accordance with your selected option within the next few weeks to your Mechanical Turk account.","DefaultChoices":false,"DataExportTag":"Q16","QuestionType":"DB","Selector":"TB","Configuration":{"QuestionDescriptionOption":"UseText"},"QuestionDescription":"Your survey was randomly selected to be a winner. As you selected the option to invest at the beg...","ChoiceOrder":[],"Validation":{"Settings":{"Type":"None"}},"GradingData":[],"Language":[],"NextChoiceId":4,"NextAnswerId":1,"QuestionID":"QID25","DataVisibility":{"Private":false,"Hidden":false}}}]}